// !$*UTF8*$!
{
	archiveVersion = 1;
	classes = {
	};
	objectVersion = 55;
	objects = {

/* Begin PBXBuildFile section */
		1D328837275A9905009F4553 /* StudioStand.usdz in Resources */ = {isa = PBXBuildFile; fileRef = 1D328836275A9905009F4553 /* StudioStand.usdz */; };
		7A4025C42754029100501F5D /* CNCControlPanel.usdz in Resources */ = {isa = PBXBuildFile; fileRef = 7A4025C32754029100501F5D /* CNCControlPanel.usdz */; };
		7A4025CB275402A300501F5D /* Skateboard.usdz in Resources */ = {isa = PBXBuildFile; fileRef = 7A4025C5275402A000501F5D /* Skateboard.usdz */; };
		7A4025CC275402A300501F5D /* ToyAirplane.usdz in Resources */ = {isa = PBXBuildFile; fileRef = 7A4025C6275402A000501F5D /* ToyAirplane.usdz */; };
		7A4025CD275402A300501F5D /* ARModelView.swift in Sources */ = {isa = PBXBuildFile; fileRef = 7A4025C7275402A000501F5D /* ARModelView.swift */; };
		7A4025CE275402A300501F5D /* ChristmasTree.usdz in Resources */ = {isa = PBXBuildFile; fileRef = 7A4025C8275402A200501F5D /* ChristmasTree.usdz */; };
		7A4025CF275402A300501F5D /* FlowerPot.usdz in Resources */ = {isa = PBXBuildFile; fileRef = 7A4025C9275402A300501F5D /* FlowerPot.usdz */; };
		7A4025D2275402F400501F5D /* ARModel.swift in Sources */ = {isa = PBXBuildFile; fileRef = 7A4025D1275402F400501F5D /* ARModel.swift */; };
		7A4025D4275405C700501F5D /* Main.storyboard in Resources */ = {isa = PBXBuildFile; fileRef = 7A4025D3275405C700501F5D /* Main.storyboard */; };
		7A4561B227515D37002947A2 /* AboutUs.swift in Sources */ = {isa = PBXBuildFile; fileRef = 7A4561B127515D36002947A2 /* AboutUs.swift */; };
		7A4561B427515D84002947A2 /* ImageConstants.swift in Sources */ = {isa = PBXBuildFile; fileRef = 7A4561B327515D84002947A2 /* ImageConstants.swift */; };
		7A4561B627515D89002947A2 /* ModelDescriptionView.swift in Sources */ = {isa = PBXBuildFile; fileRef = 7A4561B527515D89002947A2 /* ModelDescriptionView.swift */; };
		7A4561B827515D8E002947A2 /* ModelEntity.swift in Sources */ = {isa = PBXBuildFile; fileRef = 7A4561B727515D8E002947A2 /* ModelEntity.swift */; };
		7AA3E1D5275A817600B7549F /* WoodenTable.usdz in Resources */ = {isa = PBXBuildFile; fileRef = 7AA3E1D4275A817600B7549F /* WoodenTable.usdz */; };
		B8B2E996272C8AC800729BB7 /* AppDelegate.swift in Sources */ = {isa = PBXBuildFile; fileRef = B8B2E995272C8AC800729BB7 /* AppDelegate.swift */; };
		B8B2E99A272C8AC800729BB7 /* Experience.rcproject in Sources */ = {isa = PBXBuildFile; fileRef = B8B2E999272C8AC800729BB7 /* Experience.rcproject */; };
		B8B2E99C272C8AC900729BB7 /* Assets.xcassets in Resources */ = {isa = PBXBuildFile; fileRef = B8B2E99B272C8AC900729BB7 /* Assets.xcassets */; };
		B8B2E99F272C8AC900729BB7 /* Preview Assets.xcassets in Resources */ = {isa = PBXBuildFile; fileRef = B8B2E99E272C8AC900729BB7 /* Preview Assets.xcassets */; };
		B8B2E9A9272C8ACA00729BB7 /* EmpathyBytesAppTests.swift in Sources */ = {isa = PBXBuildFile; fileRef = B8B2E9A8272C8ACA00729BB7 /* EmpathyBytesAppTests.swift */; };
		B8B2E9B3272C8ACA00729BB7 /* EmpathyBytesAppUITests.swift in Sources */ = {isa = PBXBuildFile; fileRef = B8B2E9B2272C8ACA00729BB7 /* EmpathyBytesAppUITests.swift */; };
		B8B2E9B5272C8ACA00729BB7 /* EmpathyBytesAppUITestsLaunchTests.swift in Sources */ = {isa = PBXBuildFile; fileRef = B8B2E9B4272C8ACA00729BB7 /* EmpathyBytesAppUITestsLaunchTests.swift */; };
		B8B2E9C6272C8CE600729BB7 /* ARMenu.swift in Sources */ = {isa = PBXBuildFile; fileRef = B8B2E9C5272C8CE600729BB7 /* ARMenu.swift */; };
		B8B2E9C9272C8D1400729BB7 /* ARMenuView.swift in Sources */ = {isa = PBXBuildFile; fileRef = B8B2E9C8272C8D1400729BB7 /* ARMenuView.swift */; };
		B8B2E9CB272C8D1F00729BB7 /* ARViewStoryboard.storyboard in Resources */ = {isa = PBXBuildFile; fileRef = B8B2E9CA272C8D1F00729BB7 /* ARViewStoryboard.storyboard */; };
		B8B2E9CD272C8D2400729BB7 /* CustomTableViewCell.swift in Sources */ = {isa = PBXBuildFile; fileRef = B8B2E9CC272C8D2400729BB7 /* CustomTableViewCell.swift */; };
		B8B2E9CF272C8D3000729BB7 /* cardView.swift in Sources */ = {isa = PBXBuildFile; fileRef = B8B2E9CE272C8D3000729BB7 /* cardView.swift */; };
		B8B2E9D1272C8D3500729BB7 /* CircleImage.swift in Sources */ = {isa = PBXBuildFile; fileRef = B8B2E9D0272C8D3500729BB7 /* CircleImage.swift */; };
		B8B2E9D3272C8D3D00729BB7 /* ContentView.swift in Sources */ = {isa = PBXBuildFile; fileRef = B8B2E9D2272C8D3D00729BB7 /* ContentView.swift */; };
		B8B2E9D5272C8D4400729BB7 /* dickAudio.mp3 in Resources */ = {isa = PBXBuildFile; fileRef = B8B2E9D4272C8D4400729BB7 /* dickAudio.mp3 */; };
		B8B2E9D8272C8D5000729BB7 /* empathyAppApp.swift in Sources */ = {isa = PBXBuildFile; fileRef = B8B2E9D7272C8D5000729BB7 /* empathyAppApp.swift */; };
		B8B2E9DA272C8D5500729BB7 /* georgiaView.swift in Sources */ = {isa = PBXBuildFile; fileRef = B8B2E9D9272C8D5500729BB7 /* georgiaView.swift */; };
		B8B2E9DC272C8D6100729BB7 /* interviewView.swift in Sources */ = {isa = PBXBuildFile; fileRef = B8B2E9DB272C8D6100729BB7 /* interviewView.swift */; };
		B8B2E9DE272C8D6800729BB7 /* marionAudio.mp3 in Resources */ = {isa = PBXBuildFile; fileRef = B8B2E9DD272C8D6800729BB7 /* marionAudio.mp3 */; };
		B8B2E9E0272C8E8A00729BB7 /* marionView.swift in Sources */ = {isa = PBXBuildFile; fileRef = B8B2E9DF272C8E8A00729BB7 /* marionView.swift */; };
		B8B2E9E2272C8E9C00729BB7 /* matthewView.swift in Sources */ = {isa = PBXBuildFile; fileRef = B8B2E9E1272C8E9C00729BB7 /* matthewView.swift */; };
		B8B2E9E4272C8EA100729BB7 /* MusicView.swift in Sources */ = {isa = PBXBuildFile; fileRef = B8B2E9E3272C8EA100729BB7 /* MusicView.swift */; };
		B8B2E9E6272C8EA500729BB7 /* Sounds.swift in Sources */ = {isa = PBXBuildFile; fileRef = B8B2E9E5272C8EA500729BB7 /* Sounds.swift */; };
		B8B2E9E8272C8EA900729BB7 /* SUIVideoPlayer.swift in Sources */ = {isa = PBXBuildFile; fileRef = B8B2E9E7272C8EA900729BB7 /* SUIVideoPlayer.swift */; };
		B8B2E9EA272C8EAF00729BB7 /* Utility.swift in Sources */ = {isa = PBXBuildFile; fileRef = B8B2E9E9272C8EAE00729BB7 /* Utility.swift */; };
/* End PBXBuildFile section */

/* Begin PBXContainerItemProxy section */
		B8B2E9A5272C8ACA00729BB7 /* PBXContainerItemProxy */ = {
			isa = PBXContainerItemProxy;
			containerPortal = B8B2E98A272C8AC800729BB7 /* Project object */;
			proxyType = 1;
			remoteGlobalIDString = B8B2E991272C8AC800729BB7;
			remoteInfo = EmpathyBytesApp;
		};
		B8B2E9AF272C8ACA00729BB7 /* PBXContainerItemProxy */ = {
			isa = PBXContainerItemProxy;
			containerPortal = B8B2E98A272C8AC800729BB7 /* Project object */;
			proxyType = 1;
			remoteGlobalIDString = B8B2E991272C8AC800729BB7;
			remoteInfo = EmpathyBytesApp;
		};
/* End PBXContainerItemProxy section */

/* Begin PBXFileReference section */
		1D328836275A9905009F4553 /* StudioStand.usdz */ = {isa = PBXFileReference; lastKnownFileType = file.usdz; path = StudioStand.usdz; sourceTree = "<group>"; };
		7A4025C32754029100501F5D /* CNCControlPanel.usdz */ = {isa = PBXFileReference; lastKnownFileType = file.usdz; path = CNCControlPanel.usdz; sourceTree = "<group>"; };
		7A4025C5275402A000501F5D /* Skateboard.usdz */ = {isa = PBXFileReference; lastKnownFileType = file.usdz; path = Skateboard.usdz; sourceTree = "<group>"; };
		7A4025C6275402A000501F5D /* ToyAirplane.usdz */ = {isa = PBXFileReference; lastKnownFileType = file.usdz; path = ToyAirplane.usdz; sourceTree = "<group>"; };
		7A4025C7275402A000501F5D /* ARModelView.swift */ = {isa = PBXFileReference; fileEncoding = 4; lastKnownFileType = sourcecode.swift; path = ARModelView.swift; sourceTree = "<group>"; };
		7A4025C8275402A200501F5D /* ChristmasTree.usdz */ = {isa = PBXFileReference; lastKnownFileType = file.usdz; path = ChristmasTree.usdz; sourceTree = "<group>"; };
		7A4025C9275402A300501F5D /* FlowerPot.usdz */ = {isa = PBXFileReference; lastKnownFileType = file.usdz; path = FlowerPot.usdz; sourceTree = "<group>"; };
		7A4025D1275402F400501F5D /* ARModel.swift */ = {isa = PBXFileReference; fileEncoding = 4; lastKnownFileType = sourcecode.swift; path = ARModel.swift; sourceTree = "<group>"; };
		7A4025D3275405C700501F5D /* Main.storyboard */ = {isa = PBXFileReference; fileEncoding = 4; lastKnownFileType = file.storyboard; path = Main.storyboard; sourceTree = "<group>"; };
		7A4561B127515D36002947A2 /* AboutUs.swift */ = {isa = PBXFileReference; fileEncoding = 4; lastKnownFileType = sourcecode.swift; path = AboutUs.swift; sourceTree = "<group>"; };
		7A4561B327515D84002947A2 /* ImageConstants.swift */ = {isa = PBXFileReference; fileEncoding = 4; lastKnownFileType = sourcecode.swift; path = ImageConstants.swift; sourceTree = "<group>"; };
		7A4561B527515D89002947A2 /* ModelDescriptionView.swift */ = {isa = PBXFileReference; fileEncoding = 4; lastKnownFileType = sourcecode.swift; path = ModelDescriptionView.swift; sourceTree = "<group>"; };
		7A4561B727515D8E002947A2 /* ModelEntity.swift */ = {isa = PBXFileReference; fileEncoding = 4; lastKnownFileType = sourcecode.swift; path = ModelEntity.swift; sourceTree = "<group>"; };
		7AA3E1D4275A817600B7549F /* WoodenTable.usdz */ = {isa = PBXFileReference; lastKnownFileType = file.usdz; path = WoodenTable.usdz; sourceTree = "<group>"; };
		B8B2E992272C8AC800729BB7 /* EmpathyBytesApp.app */ = {isa = PBXFileReference; explicitFileType = wrapper.application; includeInIndex = 0; path = EmpathyBytesApp.app; sourceTree = BUILT_PRODUCTS_DIR; };
		B8B2E995272C8AC800729BB7 /* AppDelegate.swift */ = {isa = PBXFileReference; lastKnownFileType = sourcecode.swift; path = AppDelegate.swift; sourceTree = "<group>"; };
		B8B2E999272C8AC800729BB7 /* Experience.rcproject */ = {isa = PBXFileReference; lastKnownFileType = file.rcproject; path = Experience.rcproject; sourceTree = "<group>"; };
		B8B2E99B272C8AC900729BB7 /* Assets.xcassets */ = {isa = PBXFileReference; lastKnownFileType = folder.assetcatalog; path = Assets.xcassets; sourceTree = "<group>"; };
		B8B2E99E272C8AC900729BB7 /* Preview Assets.xcassets */ = {isa = PBXFileReference; lastKnownFileType = folder.assetcatalog; path = "Preview Assets.xcassets"; sourceTree = "<group>"; };
		B8B2E9A4272C8ACA00729BB7 /* EmpathyBytesAppTests.xctest */ = {isa = PBXFileReference; explicitFileType = wrapper.cfbundle; includeInIndex = 0; path = EmpathyBytesAppTests.xctest; sourceTree = BUILT_PRODUCTS_DIR; };
		B8B2E9A8272C8ACA00729BB7 /* EmpathyBytesAppTests.swift */ = {isa = PBXFileReference; lastKnownFileType = sourcecode.swift; path = EmpathyBytesAppTests.swift; sourceTree = "<group>"; };
		B8B2E9AE272C8ACA00729BB7 /* EmpathyBytesAppUITests.xctest */ = {isa = PBXFileReference; explicitFileType = wrapper.cfbundle; includeInIndex = 0; path = EmpathyBytesAppUITests.xctest; sourceTree = BUILT_PRODUCTS_DIR; };
		B8B2E9B2272C8ACA00729BB7 /* EmpathyBytesAppUITests.swift */ = {isa = PBXFileReference; lastKnownFileType = sourcecode.swift; path = EmpathyBytesAppUITests.swift; sourceTree = "<group>"; };
		B8B2E9B4272C8ACA00729BB7 /* EmpathyBytesAppUITestsLaunchTests.swift */ = {isa = PBXFileReference; lastKnownFileType = sourcecode.swift; path = EmpathyBytesAppUITestsLaunchTests.swift; sourceTree = "<group>"; };
		B8B2E9C5272C8CE600729BB7 /* ARMenu.swift */ = {isa = PBXFileReference; fileEncoding = 4; lastKnownFileType = sourcecode.swift; path = ARMenu.swift; sourceTree = "<group>"; };
		B8B2E9C8272C8D1400729BB7 /* ARMenuView.swift */ = {isa = PBXFileReference; fileEncoding = 4; lastKnownFileType = sourcecode.swift; path = ARMenuView.swift; sourceTree = "<group>"; };
		B8B2E9CA272C8D1F00729BB7 /* ARViewStoryboard.storyboard */ = {isa = PBXFileReference; fileEncoding = 4; lastKnownFileType = file.storyboard; path = ARViewStoryboard.storyboard; sourceTree = "<group>"; };
		B8B2E9CC272C8D2400729BB7 /* CustomTableViewCell.swift */ = {isa = PBXFileReference; fileEncoding = 4; lastKnownFileType = sourcecode.swift; path = CustomTableViewCell.swift; sourceTree = "<group>"; };
		B8B2E9CE272C8D3000729BB7 /* cardView.swift */ = {isa = PBXFileReference; fileEncoding = 4; lastKnownFileType = sourcecode.swift; path = cardView.swift; sourceTree = "<group>"; };
		B8B2E9D0272C8D3500729BB7 /* CircleImage.swift */ = {isa = PBXFileReference; fileEncoding = 4; lastKnownFileType = sourcecode.swift; path = CircleImage.swift; sourceTree = "<group>"; };
		B8B2E9D2272C8D3D00729BB7 /* ContentView.swift */ = {isa = PBXFileReference; fileEncoding = 4; lastKnownFileType = sourcecode.swift; path = ContentView.swift; sourceTree = "<group>"; };
		B8B2E9D4272C8D4400729BB7 /* dickAudio.mp3 */ = {isa = PBXFileReference; lastKnownFileType = audio.mp3; path = dickAudio.mp3; sourceTree = "<group>"; };
		B8B2E9D6272C8D4700729BB7 /* empathyApp_header.h */ = {isa = PBXFileReference; lastKnownFileType = sourcecode.c.h; path = empathyApp_header.h; sourceTree = "<group>"; };
		B8B2E9D7272C8D5000729BB7 /* empathyAppApp.swift */ = {isa = PBXFileReference; fileEncoding = 4; lastKnownFileType = sourcecode.swift; path = empathyAppApp.swift; sourceTree = "<group>"; };
		B8B2E9D9272C8D5500729BB7 /* georgiaView.swift */ = {isa = PBXFileReference; fileEncoding = 4; lastKnownFileType = sourcecode.swift; path = georgiaView.swift; sourceTree = "<group>"; };
		B8B2E9DB272C8D6100729BB7 /* interviewView.swift */ = {isa = PBXFileReference; fileEncoding = 4; lastKnownFileType = sourcecode.swift; path = interviewView.swift; sourceTree = "<group>"; };
		B8B2E9DD272C8D6800729BB7 /* marionAudio.mp3 */ = {isa = PBXFileReference; lastKnownFileType = audio.mp3; path = marionAudio.mp3; sourceTree = "<group>"; };
		B8B2E9DF272C8E8A00729BB7 /* marionView.swift */ = {isa = PBXFileReference; fileEncoding = 4; lastKnownFileType = sourcecode.swift; path = marionView.swift; sourceTree = "<group>"; };
		B8B2E9E1272C8E9C00729BB7 /* matthewView.swift */ = {isa = PBXFileReference; fileEncoding = 4; lastKnownFileType = sourcecode.swift; path = matthewView.swift; sourceTree = "<group>"; };
		B8B2E9E3272C8EA100729BB7 /* MusicView.swift */ = {isa = PBXFileReference; fileEncoding = 4; lastKnownFileType = sourcecode.swift; path = MusicView.swift; sourceTree = "<group>"; };
		B8B2E9E5272C8EA500729BB7 /* Sounds.swift */ = {isa = PBXFileReference; fileEncoding = 4; lastKnownFileType = sourcecode.swift; path = Sounds.swift; sourceTree = "<group>"; };
		B8B2E9E7272C8EA900729BB7 /* SUIVideoPlayer.swift */ = {isa = PBXFileReference; fileEncoding = 4; lastKnownFileType = sourcecode.swift; path = SUIVideoPlayer.swift; sourceTree = "<group>"; };
		B8B2E9E9272C8EAE00729BB7 /* Utility.swift */ = {isa = PBXFileReference; fileEncoding = 4; lastKnownFileType = sourcecode.swift; path = Utility.swift; sourceTree = "<group>"; };
/* End PBXFileReference section */

/* Begin PBXFrameworksBuildPhase section */
		B8B2E98F272C8AC800729BB7 /* Frameworks */ = {
			isa = PBXFrameworksBuildPhase;
			buildActionMask = 2147483647;
			files = (
			);
			runOnlyForDeploymentPostprocessing = 0;
		};
		B8B2E9A1272C8ACA00729BB7 /* Frameworks */ = {
			isa = PBXFrameworksBuildPhase;
			buildActionMask = 2147483647;
			files = (
			);
			runOnlyForDeploymentPostprocessing = 0;
		};
		B8B2E9AB272C8ACA00729BB7 /* Frameworks */ = {
			isa = PBXFrameworksBuildPhase;
			buildActionMask = 2147483647;
			files = (
			);
			runOnlyForDeploymentPostprocessing = 0;
		};
/* End PBXFrameworksBuildPhase section */

/* Begin PBXGroup section */
		7A4025C22754022D00501F5D /* ARModelComponent */ = {
			isa = PBXGroup;
			children = (
				7A4025C32754029100501F5D /* CNCControlPanel.usdz */,
				7A4025C7275402A000501F5D /* ARModelView.swift */,
				7A4025D1275402F400501F5D /* ARModel.swift */,
				7A4025C8275402A200501F5D /* ChristmasTree.usdz */,
				7A4025D3275405C700501F5D /* Main.storyboard */,
				7A4025C9275402A300501F5D /* FlowerPot.usdz */,
				7AA3E1D4275A817600B7549F /* WoodenTable.usdz */,
				1D328836275A9905009F4553 /* StudioStand.usdz */,
				7A4025C5275402A000501F5D /* Skateboard.usdz */,
				7A4025C6275402A000501F5D /* ToyAirplane.usdz */,
			);
			path = ARModelComponent;
			sourceTree = "<group>";
		};
		B8B2E989272C8AC800729BB7 = {
			isa = PBXGroup;
			children = (
				B8B2E994272C8AC800729BB7 /* EmpathyBytesApp */,
				B8B2E9A7272C8ACA00729BB7 /* EmpathyBytesAppTests */,
				B8B2E9B1272C8ACA00729BB7 /* EmpathyBytesAppUITests */,
				B8B2E993272C8AC800729BB7 /* Products */,
			);
			sourceTree = "<group>";
		};
		B8B2E993272C8AC800729BB7 /* Products */ = {
			isa = PBXGroup;
			children = (
				B8B2E992272C8AC800729BB7 /* EmpathyBytesApp.app */,
				B8B2E9A4272C8ACA00729BB7 /* EmpathyBytesAppTests.xctest */,
				B8B2E9AE272C8ACA00729BB7 /* EmpathyBytesAppUITests.xctest */,
			);
			name = Products;
			sourceTree = "<group>";
		};
		B8B2E994272C8AC800729BB7 /* EmpathyBytesApp */ = {
			isa = PBXGroup;
			children = (
				7A4025C22754022D00501F5D /* ARModelComponent */,
				B8B2E9C7272C8CFF00729BB7 /* ARMenuComponent */,
				B8B2E995272C8AC800729BB7 /* AppDelegate.swift */,
				B8B2E9CE272C8D3000729BB7 /* cardView.swift */,
				B8B2E9D0272C8D3500729BB7 /* CircleImage.swift */,
				B8B2E9D2272C8D3D00729BB7 /* ContentView.swift */,
				B8B2E9D4272C8D4400729BB7 /* dickAudio.mp3 */,
				7A4561B127515D36002947A2 /* AboutUs.swift */,
				B8B2E9D6272C8D4700729BB7 /* empathyApp_header.h */,
				B8B2E9D7272C8D5000729BB7 /* empathyAppApp.swift */,
				B8B2E9D9272C8D5500729BB7 /* georgiaView.swift */,
				B8B2E9DB272C8D6100729BB7 /* interviewView.swift */,
				B8B2E9DD272C8D6800729BB7 /* marionAudio.mp3 */,
				B8B2E9E1272C8E9C00729BB7 /* matthewView.swift */,
				B8B2E9E3272C8EA100729BB7 /* MusicView.swift */,
				B8B2E9E7272C8EA900729BB7 /* SUIVideoPlayer.swift */,
				B8B2E9E9272C8EAE00729BB7 /* Utility.swift */,
				B8B2E9E5272C8EA500729BB7 /* Sounds.swift */,
				B8B2E9DF272C8E8A00729BB7 /* marionView.swift */,
				B8B2E999272C8AC800729BB7 /* Experience.rcproject */,
				B8B2E99B272C8AC900729BB7 /* Assets.xcassets */,
				B8B2E99D272C8AC900729BB7 /* Preview Content */,
			);
			path = EmpathyBytesApp;
			sourceTree = "<group>";
		};
		B8B2E99D272C8AC900729BB7 /* Preview Content */ = {
			isa = PBXGroup;
			children = (
				B8B2E99E272C8AC900729BB7 /* Preview Assets.xcassets */,
			);
			path = "Preview Content";
			sourceTree = "<group>";
		};
		B8B2E9A7272C8ACA00729BB7 /* EmpathyBytesAppTests */ = {
			isa = PBXGroup;
			children = (
				B8B2E9A8272C8ACA00729BB7 /* EmpathyBytesAppTests.swift */,
			);
			path = EmpathyBytesAppTests;
			sourceTree = "<group>";
		};
		B8B2E9B1272C8ACA00729BB7 /* EmpathyBytesAppUITests */ = {
			isa = PBXGroup;
			children = (
				B8B2E9B2272C8ACA00729BB7 /* EmpathyBytesAppUITests.swift */,
				B8B2E9B4272C8ACA00729BB7 /* EmpathyBytesAppUITestsLaunchTests.swift */,
			);
			path = EmpathyBytesAppUITests;
			sourceTree = "<group>";
		};
		B8B2E9C7272C8CFF00729BB7 /* ARMenuComponent */ = {
			isa = PBXGroup;
			children = (
				B8B2E9C5272C8CE600729BB7 /* ARMenu.swift */,
				B8B2E9C8272C8D1400729BB7 /* ARMenuView.swift */,
				B8B2E9CA272C8D1F00729BB7 /* ARViewStoryboard.storyboard */,
				B8B2E9CC272C8D2400729BB7 /* CustomTableViewCell.swift */,
				7A4561B327515D84002947A2 /* ImageConstants.swift */,
				7A4561B527515D89002947A2 /* ModelDescriptionView.swift */,
				7A4561B727515D8E002947A2 /* ModelEntity.swift */,
			);
			path = ARMenuComponent;
			sourceTree = "<group>";
		};
/* End PBXGroup section */

/* Begin PBXNativeTarget section */
		B8B2E991272C8AC800729BB7 /* EmpathyBytesApp */ = {
			isa = PBXNativeTarget;
			buildConfigurationList = B8B2E9B8272C8ACA00729BB7 /* Build configuration list for PBXNativeTarget "EmpathyBytesApp" */;
			buildPhases = (
				B8B2E98E272C8AC800729BB7 /* Sources */,
				B8B2E98F272C8AC800729BB7 /* Frameworks */,
				B8B2E990272C8AC800729BB7 /* Resources */,
			);
			buildRules = (
			);
			dependencies = (
			);
			name = EmpathyBytesApp;
			productName = EmpathyBytesApp;
			productReference = B8B2E992272C8AC800729BB7 /* EmpathyBytesApp.app */;
			productType = "com.apple.product-type.application";
		};
		B8B2E9A3272C8ACA00729BB7 /* EmpathyBytesAppTests */ = {
			isa = PBXNativeTarget;
			buildConfigurationList = B8B2E9BB272C8ACA00729BB7 /* Build configuration list for PBXNativeTarget "EmpathyBytesAppTests" */;
			buildPhases = (
				B8B2E9A0272C8ACA00729BB7 /* Sources */,
				B8B2E9A1272C8ACA00729BB7 /* Frameworks */,
				B8B2E9A2272C8ACA00729BB7 /* Resources */,
			);
			buildRules = (
			);
			dependencies = (
				B8B2E9A6272C8ACA00729BB7 /* PBXTargetDependency */,
			);
			name = EmpathyBytesAppTests;
			productName = EmpathyBytesAppTests;
			productReference = B8B2E9A4272C8ACA00729BB7 /* EmpathyBytesAppTests.xctest */;
			productType = "com.apple.product-type.bundle.unit-test";
		};
		B8B2E9AD272C8ACA00729BB7 /* EmpathyBytesAppUITests */ = {
			isa = PBXNativeTarget;
			buildConfigurationList = B8B2E9BE272C8ACA00729BB7 /* Build configuration list for PBXNativeTarget "EmpathyBytesAppUITests" */;
			buildPhases = (
				B8B2E9AA272C8ACA00729BB7 /* Sources */,
				B8B2E9AB272C8ACA00729BB7 /* Frameworks */,
				B8B2E9AC272C8ACA00729BB7 /* Resources */,
			);
			buildRules = (
			);
			dependencies = (
				B8B2E9B0272C8ACA00729BB7 /* PBXTargetDependency */,
			);
			name = EmpathyBytesAppUITests;
			productName = EmpathyBytesAppUITests;
			productReference = B8B2E9AE272C8ACA00729BB7 /* EmpathyBytesAppUITests.xctest */;
			productType = "com.apple.product-type.bundle.ui-testing";
		};
/* End PBXNativeTarget section */

/* Begin PBXProject section */
		B8B2E98A272C8AC800729BB7 /* Project object */ = {
			isa = PBXProject;
			attributes = {
				BuildIndependentTargetsInParallel = 1;
				LastSwiftUpdateCheck = 1310;
				LastUpgradeCheck = 1310;
				TargetAttributes = {
					B8B2E991272C8AC800729BB7 = {
						CreatedOnToolsVersion = 13.1;
					};
					B8B2E9A3272C8ACA00729BB7 = {
						CreatedOnToolsVersion = 13.1;
						TestTargetID = B8B2E991272C8AC800729BB7;
					};
					B8B2E9AD272C8ACA00729BB7 = {
						CreatedOnToolsVersion = 13.1;
						TestTargetID = B8B2E991272C8AC800729BB7;
					};
				};
			};
			buildConfigurationList = B8B2E98D272C8AC800729BB7 /* Build configuration list for PBXProject "EmpathyBytesApp" */;
			compatibilityVersion = "Xcode 13.0";
			developmentRegion = en;
			hasScannedForEncodings = 0;
			knownRegions = (
				en,
				Base,
			);
			mainGroup = B8B2E989272C8AC800729BB7;
			productRefGroup = B8B2E993272C8AC800729BB7 /* Products */;
			projectDirPath = "";
			projectRoot = "";
			targets = (
				B8B2E991272C8AC800729BB7 /* EmpathyBytesApp */,
				B8B2E9A3272C8ACA00729BB7 /* EmpathyBytesAppTests */,
				B8B2E9AD272C8ACA00729BB7 /* EmpathyBytesAppUITests */,
			);
		};
/* End PBXProject section */

/* Begin PBXResourcesBuildPhase section */
		B8B2E990272C8AC800729BB7 /* Resources */ = {
			isa = PBXResourcesBuildPhase;
			buildActionMask = 2147483647;
			files = (
				7AA3E1D5275A817600B7549F /* WoodenTable.usdz in Resources */,
				B8B2E9D5272C8D4400729BB7 /* dickAudio.mp3 in Resources */,
				B8B2E9CB272C8D1F00729BB7 /* ARViewStoryboard.storyboard in Resources */,
				1D328837275A9905009F4553 /* StudioStand.usdz in Resources */,
				B8B2E99F272C8AC900729BB7 /* Preview Assets.xcassets in Resources */,
				7A4025C42754029100501F5D /* CNCControlPanel.usdz in Resources */,
				7A4025CE275402A300501F5D /* ChristmasTree.usdz in Resources */,
				7A4025D4275405C700501F5D /* Main.storyboard in Resources */,
				7A4025CC275402A300501F5D /* ToyAirplane.usdz in Resources */,
				7A4025CB275402A300501F5D /* Skateboard.usdz in Resources */,
				B8B2E9DE272C8D6800729BB7 /* marionAudio.mp3 in Resources */,
				7A4025CF275402A300501F5D /* FlowerPot.usdz in Resources */,
				B8B2E99C272C8AC900729BB7 /* Assets.xcassets in Resources */,
			);
			runOnlyForDeploymentPostprocessing = 0;
		};
		B8B2E9A2272C8ACA00729BB7 /* Resources */ = {
			isa = PBXResourcesBuildPhase;
			buildActionMask = 2147483647;
			files = (
			);
			runOnlyForDeploymentPostprocessing = 0;
		};
		B8B2E9AC272C8ACA00729BB7 /* Resources */ = {
			isa = PBXResourcesBuildPhase;
			buildActionMask = 2147483647;
			files = (
			);
			runOnlyForDeploymentPostprocessing = 0;
		};
/* End PBXResourcesBuildPhase section */

/* Begin PBXSourcesBuildPhase section */
		B8B2E98E272C8AC800729BB7 /* Sources */ = {
			isa = PBXSourcesBuildPhase;
			buildActionMask = 2147483647;
			files = (
				B8B2E9DA272C8D5500729BB7 /* georgiaView.swift in Sources */,
				B8B2E9D8272C8D5000729BB7 /* empathyAppApp.swift in Sources */,
				B8B2E9EA272C8EAF00729BB7 /* Utility.swift in Sources */,
				7A4561B227515D37002947A2 /* AboutUs.swift in Sources */,
				B8B2E9CD272C8D2400729BB7 /* CustomTableViewCell.swift in Sources */,
				7A4561B627515D89002947A2 /* ModelDescriptionView.swift in Sources */,
				B8B2E9E6272C8EA500729BB7 /* Sounds.swift in Sources */,
				7A4561B827515D8E002947A2 /* ModelEntity.swift in Sources */,
				B8B2E9D1272C8D3500729BB7 /* CircleImage.swift in Sources */,
				B8B2E9E0272C8E8A00729BB7 /* marionView.swift in Sources */,
				B8B2E9CF272C8D3000729BB7 /* cardView.swift in Sources */,
				B8B2E9E8272C8EA900729BB7 /* SUIVideoPlayer.swift in Sources */,
				B8B2E9E4272C8EA100729BB7 /* MusicView.swift in Sources */,
				B8B2E9E2272C8E9C00729BB7 /* matthewView.swift in Sources */,
				B8B2E9DC272C8D6100729BB7 /* interviewView.swift in Sources */,
				7A4561B427515D84002947A2 /* ImageConstants.swift in Sources */,
				B8B2E996272C8AC800729BB7 /* AppDelegate.swift in Sources */,
				B8B2E9D3272C8D3D00729BB7 /* ContentView.swift in Sources */,
				B8B2E9C9272C8D1400729BB7 /* ARMenuView.swift in Sources */,
				B8B2E99A272C8AC800729BB7 /* Experience.rcproject in Sources */,
				7A4025D2275402F400501F5D /* ARModel.swift in Sources */,
				B8B2E9C6272C8CE600729BB7 /* ARMenu.swift in Sources */,
				7A4025CD275402A300501F5D /* ARModelView.swift in Sources */,
			);
			runOnlyForDeploymentPostprocessing = 0;
		};
		B8B2E9A0272C8ACA00729BB7 /* Sources */ = {
			isa = PBXSourcesBuildPhase;
			buildActionMask = 2147483647;
			files = (
				B8B2E9A9272C8ACA00729BB7 /* EmpathyBytesAppTests.swift in Sources */,
			);
			runOnlyForDeploymentPostprocessing = 0;
		};
		B8B2E9AA272C8ACA00729BB7 /* Sources */ = {
			isa = PBXSourcesBuildPhase;
			buildActionMask = 2147483647;
			files = (
				B8B2E9B3272C8ACA00729BB7 /* EmpathyBytesAppUITests.swift in Sources */,
				B8B2E9B5272C8ACA00729BB7 /* EmpathyBytesAppUITestsLaunchTests.swift in Sources */,
			);
			runOnlyForDeploymentPostprocessing = 0;
		};
/* End PBXSourcesBuildPhase section */

/* Begin PBXTargetDependency section */
		B8B2E9A6272C8ACA00729BB7 /* PBXTargetDependency */ = {
			isa = PBXTargetDependency;
			target = B8B2E991272C8AC800729BB7 /* EmpathyBytesApp */;
			targetProxy = B8B2E9A5272C8ACA00729BB7 /* PBXContainerItemProxy */;
		};
		B8B2E9B0272C8ACA00729BB7 /* PBXTargetDependency */ = {
			isa = PBXTargetDependency;
			target = B8B2E991272C8AC800729BB7 /* EmpathyBytesApp */;
			targetProxy = B8B2E9AF272C8ACA00729BB7 /* PBXContainerItemProxy */;
		};
/* End PBXTargetDependency section */

/* Begin XCBuildConfiguration section */
		B8B2E9B6272C8ACA00729BB7 /* Debug */ = {
			isa = XCBuildConfiguration;
			buildSettings = {
				ALWAYS_SEARCH_USER_PATHS = NO;
				CLANG_ANALYZER_NONNULL = YES;
				CLANG_ANALYZER_NUMBER_OBJECT_CONVERSION = YES_AGGRESSIVE;
				CLANG_CXX_LANGUAGE_STANDARD = "gnu++17";
				CLANG_CXX_LIBRARY = "libc++";
				CLANG_ENABLE_MODULES = YES;
				CLANG_ENABLE_OBJC_ARC = YES;
				CLANG_ENABLE_OBJC_WEAK = YES;
				CLANG_WARN_BLOCK_CAPTURE_AUTORELEASING = YES;
				CLANG_WARN_BOOL_CONVERSION = YES;
				CLANG_WARN_COMMA = YES;
				CLANG_WARN_CONSTANT_CONVERSION = YES;
				CLANG_WARN_DEPRECATED_OBJC_IMPLEMENTATIONS = YES;
				CLANG_WARN_DIRECT_OBJC_ISA_USAGE = YES_ERROR;
				CLANG_WARN_DOCUMENTATION_COMMENTS = YES;
				CLANG_WARN_EMPTY_BODY = YES;
				CLANG_WARN_ENUM_CONVERSION = YES;
				CLANG_WARN_INFINITE_RECURSION = YES;
				CLANG_WARN_INT_CONVERSION = YES;
				CLANG_WARN_NON_LITERAL_NULL_CONVERSION = YES;
				CLANG_WARN_OBJC_IMPLICIT_RETAIN_SELF = YES;
				CLANG_WARN_OBJC_LITERAL_CONVERSION = YES;
				CLANG_WARN_OBJC_ROOT_CLASS = YES_ERROR;
				CLANG_WARN_QUOTED_INCLUDE_IN_FRAMEWORK_HEADER = YES;
				CLANG_WARN_RANGE_LOOP_ANALYSIS = YES;
				CLANG_WARN_STRICT_PROTOTYPES = YES;
				CLANG_WARN_SUSPICIOUS_MOVE = YES;
				CLANG_WARN_UNGUARDED_AVAILABILITY = YES_AGGRESSIVE;
				CLANG_WARN_UNREACHABLE_CODE = YES;
				CLANG_WARN__DUPLICATE_METHOD_MATCH = YES;
				COPY_PHASE_STRIP = NO;
				DEBUG_INFORMATION_FORMAT = dwarf;
				ENABLE_STRICT_OBJC_MSGSEND = YES;
				ENABLE_TESTABILITY = YES;
				GCC_C_LANGUAGE_STANDARD = gnu11;
				GCC_DYNAMIC_NO_PIC = NO;
				GCC_NO_COMMON_BLOCKS = YES;
				GCC_OPTIMIZATION_LEVEL = 0;
				GCC_PREPROCESSOR_DEFINITIONS = (
					"DEBUG=1",
					"$(inherited)",
				);
				GCC_WARN_64_TO_32_BIT_CONVERSION = YES;
				GCC_WARN_ABOUT_RETURN_TYPE = YES_ERROR;
				GCC_WARN_UNDECLARED_SELECTOR = YES;
				GCC_WARN_UNINITIALIZED_AUTOS = YES_AGGRESSIVE;
				GCC_WARN_UNUSED_FUNCTION = YES;
				GCC_WARN_UNUSED_VARIABLE = YES;
				IPHONEOS_DEPLOYMENT_TARGET = 15.0;
				MTL_ENABLE_DEBUG_INFO = INCLUDE_SOURCE;
				MTL_FAST_MATH = YES;
				ONLY_ACTIVE_ARCH = YES;
				SDKROOT = iphoneos;
				SWIFT_ACTIVE_COMPILATION_CONDITIONS = DEBUG;
				SWIFT_OPTIMIZATION_LEVEL = "-Onone";
			};
			name = Debug;
		};
		B8B2E9B7272C8ACA00729BB7 /* Release */ = {
			isa = XCBuildConfiguration;
			buildSettings = {
				ALWAYS_SEARCH_USER_PATHS = NO;
				CLANG_ANALYZER_NONNULL = YES;
				CLANG_ANALYZER_NUMBER_OBJECT_CONVERSION = YES_AGGRESSIVE;
				CLANG_CXX_LANGUAGE_STANDARD = "gnu++17";
				CLANG_CXX_LIBRARY = "libc++";
				CLANG_ENABLE_MODULES = YES;
				CLANG_ENABLE_OBJC_ARC = YES;
				CLANG_ENABLE_OBJC_WEAK = YES;
				CLANG_WARN_BLOCK_CAPTURE_AUTORELEASING = YES;
				CLANG_WARN_BOOL_CONVERSION = YES;
				CLANG_WARN_COMMA = YES;
				CLANG_WARN_CONSTANT_CONVERSION = YES;
				CLANG_WARN_DEPRECATED_OBJC_IMPLEMENTATIONS = YES;
				CLANG_WARN_DIRECT_OBJC_ISA_USAGE = YES_ERROR;
				CLANG_WARN_DOCUMENTATION_COMMENTS = YES;
				CLANG_WARN_EMPTY_BODY = YES;
				CLANG_WARN_ENUM_CONVERSION = YES;
				CLANG_WARN_INFINITE_RECURSION = YES;
				CLANG_WARN_INT_CONVERSION = YES;
				CLANG_WARN_NON_LITERAL_NULL_CONVERSION = YES;
				CLANG_WARN_OBJC_IMPLICIT_RETAIN_SELF = YES;
				CLANG_WARN_OBJC_LITERAL_CONVERSION = YES;
				CLANG_WARN_OBJC_ROOT_CLASS = YES_ERROR;
				CLANG_WARN_QUOTED_INCLUDE_IN_FRAMEWORK_HEADER = YES;
				CLANG_WARN_RANGE_LOOP_ANALYSIS = YES;
				CLANG_WARN_STRICT_PROTOTYPES = YES;
				CLANG_WARN_SUSPICIOUS_MOVE = YES;
				CLANG_WARN_UNGUARDED_AVAILABILITY = YES_AGGRESSIVE;
				CLANG_WARN_UNREACHABLE_CODE = YES;
				CLANG_WARN__DUPLICATE_METHOD_MATCH = YES;
				COPY_PHASE_STRIP = NO;
				DEBUG_INFORMATION_FORMAT = "dwarf-with-dsym";
				ENABLE_NS_ASSERTIONS = NO;
				ENABLE_STRICT_OBJC_MSGSEND = YES;
				GCC_C_LANGUAGE_STANDARD = gnu11;
				GCC_NO_COMMON_BLOCKS = YES;
				GCC_WARN_64_TO_32_BIT_CONVERSION = YES;
				GCC_WARN_ABOUT_RETURN_TYPE = YES_ERROR;
				GCC_WARN_UNDECLARED_SELECTOR = YES;
				GCC_WARN_UNINITIALIZED_AUTOS = YES_AGGRESSIVE;
				GCC_WARN_UNUSED_FUNCTION = YES;
				GCC_WARN_UNUSED_VARIABLE = YES;
				IPHONEOS_DEPLOYMENT_TARGET = 15.0;
				MTL_ENABLE_DEBUG_INFO = NO;
				MTL_FAST_MATH = YES;
				SDKROOT = iphoneos;
				SWIFT_COMPILATION_MODE = wholemodule;
				SWIFT_OPTIMIZATION_LEVEL = "-O";
				VALIDATE_PRODUCT = YES;
			};
			name = Release;
		};
		B8B2E9B9272C8ACA00729BB7 /* Debug */ = {
			isa = XCBuildConfiguration;
			buildSettings = {
				ASSETCATALOG_COMPILER_APPICON_NAME = AppIcon;
				ASSETCATALOG_COMPILER_GLOBAL_ACCENT_COLOR_NAME = AccentColor;
				CODE_SIGN_STYLE = Automatic;
				CURRENT_PROJECT_VERSION = 1;
				DEVELOPMENT_ASSET_PATHS = "\"EmpathyBytesApp/Preview Content\"";
				DEVELOPMENT_TEAM = RY3CZHH244;
				ENABLE_PREVIEWS = YES;
				GENERATE_INFOPLIST_FILE = YES;
				INFOPLIST_KEY_NSCameraUsageDescription = "";
				INFOPLIST_KEY_UIApplicationSupportsIndirectInputEvents = YES;
				INFOPLIST_KEY_UILaunchScreen_Generation = YES;
				INFOPLIST_KEY_UIRequiredDeviceCapabilities = arkit;
				INFOPLIST_KEY_UIStatusBarHidden = YES;
				INFOPLIST_KEY_UISupportedInterfaceOrientations_iPad = "UIInterfaceOrientationPortrait UIInterfaceOrientationPortraitUpsideDown UIInterfaceOrientationLandscapeLeft UIInterfaceOrientationLandscapeRight";
				INFOPLIST_KEY_UISupportedInterfaceOrientations_iPhone = "UIInterfaceOrientationPortrait UIInterfaceOrientationLandscapeLeft UIInterfaceOrientationLandscapeRight";
				IPHONEOS_DEPLOYMENT_TARGET = 15.0;
				LD_RUNPATH_SEARCH_PATHS = (
					"$(inherited)",
					"@executable_path/Frameworks",
				);
				MARKETING_VERSION = 1.0;
				PRODUCT_BUNDLE_IDENTIFIER = harshee.EmpathyBytesApp;
				PRODUCT_NAME = "$(TARGET_NAME)";
				SWIFT_EMIT_LOC_STRINGS = YES;
				SWIFT_VERSION = 5.0;
				TARGETED_DEVICE_FAMILY = "1,2";
			};
			name = Debug;
		};
		B8B2E9BA272C8ACA00729BB7 /* Release */ = {
			isa = XCBuildConfiguration;
			buildSettings = {
				ASSETCATALOG_COMPILER_APPICON_NAME = AppIcon;
				ASSETCATALOG_COMPILER_GLOBAL_ACCENT_COLOR_NAME = AccentColor;
				CODE_SIGN_STYLE = Automatic;
				CURRENT_PROJECT_VERSION = 1;
				DEVELOPMENT_ASSET_PATHS = "\"EmpathyBytesApp/Preview Content\"";
				DEVELOPMENT_TEAM = RY3CZHH244;
				ENABLE_PREVIEWS = YES;
				GENERATE_INFOPLIST_FILE = YES;
				INFOPLIST_KEY_NSCameraUsageDescription = "";
				INFOPLIST_KEY_UIApplicationSupportsIndirectInputEvents = YES;
				INFOPLIST_KEY_UILaunchScreen_Generation = YES;
				INFOPLIST_KEY_UIRequiredDeviceCapabilities = arkit;
				INFOPLIST_KEY_UIStatusBarHidden = YES;
				INFOPLIST_KEY_UISupportedInterfaceOrientations_iPad = "UIInterfaceOrientationPortrait UIInterfaceOrientationPortraitUpsideDown UIInterfaceOrientationLandscapeLeft UIInterfaceOrientationLandscapeRight";
				INFOPLIST_KEY_UISupportedInterfaceOrientations_iPhone = "UIInterfaceOrientationPortrait UIInterfaceOrientationLandscapeLeft UIInterfaceOrientationLandscapeRight";
				IPHONEOS_DEPLOYMENT_TARGET = 15.0;
				LD_RUNPATH_SEARCH_PATHS = (
					"$(inherited)",
					"@executable_path/Frameworks",
				);
				MARKETING_VERSION = 1.0;
				PRODUCT_BUNDLE_IDENTIFIER = harshee.EmpathyBytesApp;
				PRODUCT_NAME = "$(TARGET_NAME)";
				SWIFT_EMIT_LOC_STRINGS = YES;
				SWIFT_VERSION = 5.0;
				TARGETED_DEVICE_FAMILY = "1,2";
			};
			name = Release;
		};
		B8B2E9BC272C8ACA00729BB7 /* Debug */ = {
			isa = XCBuildConfiguration;
			buildSettings = {
				ALWAYS_EMBED_SWIFT_STANDARD_LIBRARIES = YES;
				BUNDLE_LOADER = "$(TEST_HOST)";
				CODE_SIGN_STYLE = Automatic;
				CURRENT_PROJECT_VERSION = 1;
				DEVELOPMENT_TEAM = NN4G65LXQ3;
				GENERATE_INFOPLIST_FILE = YES;
				IPHONEOS_DEPLOYMENT_TARGET = 15.0;
				LD_RUNPATH_SEARCH_PATHS = (
					"$(inherited)",
					"@executable_path/Frameworks",
					"@loader_path/Frameworks",
				);
				MARKETING_VERSION = 1.0;
				PRODUCT_BUNDLE_IDENTIFIER = harshee.EmpathyBytesAppTests;
				PRODUCT_NAME = "$(TARGET_NAME)";
				SWIFT_EMIT_LOC_STRINGS = NO;
				SWIFT_VERSION = 5.0;
				TARGETED_DEVICE_FAMILY = "1,2";
				TEST_HOST = "$(BUILT_PRODUCTS_DIR)/EmpathyBytesApp.app/EmpathyBytesApp";
			};
			name = Debug;
		};
		B8B2E9BD272C8ACA00729BB7 /* Release */ = {
			isa = XCBuildConfiguration;
			buildSettings = {
				ALWAYS_EMBED_SWIFT_STANDARD_LIBRARIES = YES;
				BUNDLE_LOADER = "$(TEST_HOST)";
				CODE_SIGN_STYLE = Automatic;
				CURRENT_PROJECT_VERSION = 1;
				DEVELOPMENT_TEAM = NN4G65LXQ3;
				GENERATE_INFOPLIST_FILE = YES;
				IPHONEOS_DEPLOYMENT_TARGET = 15.0;
				LD_RUNPATH_SEARCH_PATHS = (
					"$(inherited)",
					"@executable_path/Frameworks",
					"@loader_path/Frameworks",
				);
				MARKETING_VERSION = 1.0;
				PRODUCT_BUNDLE_IDENTIFIER = harshee.EmpathyBytesAppTests;
				PRODUCT_NAME = "$(TARGET_NAME)";
				SWIFT_EMIT_LOC_STRINGS = NO;
				SWIFT_VERSION = 5.0;
				TARGETED_DEVICE_FAMILY = "1,2";
				TEST_HOST = "$(BUILT_PRODUCTS_DIR)/EmpathyBytesApp.app/EmpathyBytesApp";
			};
			name = Release;
		};
		B8B2E9BF272C8ACA00729BB7 /* Debug */ = {
			isa = XCBuildConfiguration;
			buildSettings = {
				ALWAYS_EMBED_SWIFT_STANDARD_LIBRARIES = YES;
				CODE_SIGN_STYLE = Automatic;
				CURRENT_PROJECT_VERSION = 1;
				DEVELOPMENT_TEAM = NN4G65LXQ3;
				GENERATE_INFOPLIST_FILE = YES;
				LD_RUNPATH_SEARCH_PATHS = (
					"$(inherited)",
					"@executable_path/Frameworks",
					"@loader_path/Frameworks",
				);
				MARKETING_VERSION = 1.0;
				PRODUCT_BUNDLE_IDENTIFIER = harshee.EmpathyBytesAppUITests;
				PRODUCT_NAME = "$(TARGET_NAME)";
				SWIFT_EMIT_LOC_STRINGS = NO;
				SWIFT_VERSION = 5.0;
				TARGETED_DEVICE_FAMILY = "1,2";
				TEST_TARGET_NAME = EmpathyBytesApp;
			};
			name = Debug;
		};
		B8B2E9C0272C8ACA00729BB7 /* Release */ = {
			isa = XCBuildConfiguration;
			buildSettings = {
				ALWAYS_EMBED_SWIFT_STANDARD_LIBRARIES = YES;
				CODE_SIGN_STYLE = Automatic;
				CURRENT_PROJECT_VERSION = 1;
				DEVELOPMENT_TEAM = NN4G65LXQ3;
				GENERATE_INFOPLIST_FILE = YES;
				LD_RUNPATH_SEARCH_PATHS = (
					"$(inherited)",
					"@executable_path/Frameworks",
					"@loader_path/Frameworks",
				);
				MARKETING_VERSION = 1.0;
				PRODUCT_BUNDLE_IDENTIFIER = harshee.EmpathyBytesAppUITests;
				PRODUCT_NAME = "$(TARGET_NAME)";
				SWIFT_EMIT_LOC_STRINGS = NO;
				SWIFT_VERSION = 5.0;
				TARGETED_DEVICE_FAMILY = "1,2";
				TEST_TARGET_NAME = EmpathyBytesApp;
			};
			name = Release;
		};
/* End XCBuildConfiguration section */

/* Begin XCConfigurationList section */
		B8B2E98D272C8AC800729BB7 /* Build configuration list for PBXProject "EmpathyBytesApp" */ = {
			isa = XCConfigurationList;
			buildConfigurations = (
				B8B2E9B6272C8ACA00729BB7 /* Debug */,
				B8B2E9B7272C8ACA00729BB7 /* Release */,
			);
			defaultConfigurationIsVisible = 0;
			defaultConfigurationName = Release;
		};
		B8B2E9B8272C8ACA00729BB7 /* Build configuration list for PBXNativeTarget "EmpathyBytesApp" */ = {
			isa = XCConfigurationList;
			buildConfigurations = (
				B8B2E9B9272C8ACA00729BB7 /* Debug */,
				B8B2E9BA272C8ACA00729BB7 /* Release */,
			);
			defaultConfigurationIsVisible = 0;
			defaultConfigurationName = Release;
		};
		B8B2E9BB272C8ACA00729BB7 /* Build configuration list for PBXNativeTarget "EmpathyBytesAppTests" */ = {
			isa = XCConfigurationList;
			buildConfigurations = (
				B8B2E9BC272C8ACA00729BB7 /* Debug */,
				B8B2E9BD272C8ACA00729BB7 /* Release */,
			);
			defaultConfigurationIsVisible = 0;
			defaultConfigurationName = Release;
		};
		B8B2E9BE272C8ACA00729BB7 /* Build configuration list for PBXNativeTarget "EmpathyBytesAppUITests" */ = {
			isa = XCConfigurationList;
			buildConfigurations = (
				B8B2E9BF272C8ACA00729BB7 /* Debug */,
				B8B2E9C0272C8ACA00729BB7 /* Release */,
			);
			defaultConfigurationIsVisible = 0;
			defaultConfigurationName = Release;
		};
/* End XCConfigurationList section */
	};
	rootObject = B8B2E98A272C8AC800729BB7 /* Project object */;
}
